
Microsoft Visual Studio Solution File, Format Version 12.00
# Visual Studio Version 17
VisualStudioVersion = 17.8.34004.107
MinimumVisualStudioVersion = 10.0.40219.1
Project("{FAE04EC0-301F-11D3-BF4B-00C04F79EFBC}") = "MVVMSettings", "ModernDesign\MVVMSettings.csproj", "{E186BA97-EA7A-4018-B767-31B8DC4A1291}"
EndProject
Global
	GlobalSection(SolutionConfigurationPlatforms) = preSolution
		Debug|Any CPU = Debug|Any CPU
		Release|Any CPU = Release|Any CPU
	EndGlobalSection
	GlobalSection(ProjectConfigurationPlatforms) = postSolution
		{E186BA97-EA7A-4018-B767-31B8DC4A1291}.Debug|Any CPU.ActiveCfg = Debug|Any CPU
		{E186BA97-EA7A-4018-B767-31B8DC4A1291}.Debug|Any CPU.Build.0 = Debug|Any CPU
		{E186BA97-EA7A-4018-B767-31B8DC4A1291}.Release|Any CPU.ActiveCfg = Release|Any CPU
		{E186BA97-EA7A-4018-B767-31B8DC4A1291}.Release|Any CPU.Build.0 = Release|Any CPU
	EndGlobalSection
	GlobalSection(SolutionProperties) = preSolution
		HideSolutionNode = FALSE
	EndGlobalSection
	GlobalSection(ExtensibilityGlobals) = postSolution
		SolutionGuid = {6D838C3F-78CD-402C-94BB-B30B90A9E689}
	EndGlobalSection
EndGlobal
